
Microsoft Visual Studio Solution File, Format Version 12.00
# Visual Studio Version 17
VisualStudioVersion = 17.4.33213.308
MinimumVisualStudioVersion = 10.0.40219.1
Project("{9A19103F-16F7-4668-BE54-9A1E7A4F7556}") = "DCReactUI", "DCReactUI.csproj", "{FD6E0171-DFF9-44A3-9DE5-E95A66ED9EC4}"
EndProject
Global
	GlobalSection(SolutionConfigurationPlatforms) = preSolution
		Debug|Any CPU = Debug|Any CPU
		Release|Any CPU = Release|Any CPU
	EndGlobalSection
	GlobalSection(ProjectConfigurationPlatforms) = postSolution
		{FD6E0171-DFF9-44A3-9DE5-E95A66ED9EC4}.Debug|Any CPU.ActiveCfg = Debug|Any CPU
		{FD6E0171-DFF9-44A3-9DE5-E95A66ED9EC4}.Debug|Any CPU.Build.0 = Debug|Any CPU
		{FD6E0171-DFF9-44A3-9DE5-E95A66ED9EC4}.Release|Any CPU.ActiveCfg = Release|Any CPU
		{FD6E0171-DFF9-44A3-9DE5-E95A66ED9EC4}.Release|Any CPU.Build.0 = Release|Any CPU
	EndGlobalSection
	GlobalSection(SolutionProperties) = preSolution
		HideSolutionNode = FALSE
	EndGlobalSection
	GlobalSection(ExtensibilityGlobals) = postSolution
		SolutionGuid = {6B04A4E4-640A-430B-8B51-FD983DF6D8DD}
	EndGlobalSection
EndGlobal
